
Microsoft Visual Studio Solution File, Format Version 12.00
# Visual Studio Version 16
VisualStudioVersion = 16.0.30413.136
MinimumVisualStudioVersion = 10.0.40219.1
Project("{2150E333-8FDC-42A3-9474-1A3956D46DE8}") = "z - Tests", "z - Tests", "{28438ED3-2E67-4E30-AA07-C55E6715373F}"
EndProject
Project("{9A19103F-16F7-4668-BE54-9A1E7A4F7556}") = "Desafio.Tests", "tests\Desafio.Tests\Desafio.Tests.csproj", "{BC03058C-CC10-4B11-AF8E-42BF4FA85FF3}"
EndProject
Project("{2150E333-8FDC-42A3-9474-1A3956D46DE8}") = "1 - Domain", "1 - Domain", "{2FE2BD7A-E945-4C43-A60D-16AFFE88C649}"
EndProject
Project("{9A19103F-16F7-4668-BE54-9A1E7A4F7556}") = "Desafio.Domain", "src\Desafio.Domain\Desafio.Domain.csproj", "{DD9EF579-4F08-4B26-B141-BD81DD5611F1}"
EndProject
Project("{2150E333-8FDC-42A3-9474-1A3956D46DE8}") = "2 - Infrastructure", "2 - Infrastructure", "{E0FA26BF-EF1F-4D63-9DBA-60B22A8F1887}"
EndProject
Project("{2150E333-8FDC-42A3-9474-1A3956D46DE8}") = "Repository", "Repository", "{2511BC24-E084-468A-B4CB-638B9A64CBD2}"
EndProject
Project("{9A19103F-16F7-4668-BE54-9A1E7A4F7556}") = "Desafio.Repository", "src\Desafio.Repository\Desafio.Repository.csproj", "{8DAA6B6C-3B65-408C-985F-EBE7939DBAA4}"
EndProject
Project("{2150E333-8FDC-42A3-9474-1A3956D46DE8}") = "3 - ExternalServices", "3 - ExternalServices", "{23EDF15B-C4ED-4AFE-9E1C-233440828754}"
EndProject
Project("{9A19103F-16F7-4668-BE54-9A1E7A4F7556}") = "Desafio.ExchangeRates.Proxy", "src\Desafio.ExchangeRates.Proxy\Desafio.ExchangeRates.Proxy.csproj", "{CE56662D-0D5B-44AD-9313-3604B0385C16}"
EndProject
Project("{9A19103F-16F7-4668-BE54-9A1E7A4F7556}") = "Desafio.App", "src\Desafio.App\Desafio.App.csproj", "{113DB206-6D22-45AF-A9E4-69C8C75A0B20}"
EndProject
Project("{2150E333-8FDC-42A3-9474-1A3956D46DE8}") = "4 - Presentation", "4 - Presentation", "{811FF591-CDF6-44DD-B205-7EC0754FCAB1}"
EndProject
Project("{9A19103F-16F7-4668-BE54-9A1E7A4F7556}") = "Desafio.Api", "src\Desafio.Api\Desafio.Api.csproj", "{AA133E9E-DFEA-4093-A75D-937580A70765}"
EndProject
Project("{E53339B2-1760-4266-BCC7-CA923CBCF16C}") = "docker-compose", "docker-compose.dcproj", "{5EB2B30C-FA49-4551-B3E8-FD87355AD517}"
EndProject
Project("{2150E333-8FDC-42A3-9474-1A3956D46DE8}") = "Cache", "Cache", "{E5C260CF-EFFC-4E3F-8E4B-B8B528E67A90}"
EndProject
Project("{9A19103F-16F7-4668-BE54-9A1E7A4F7556}") = "Desafio.Cache", "src\Desafio.Cache\Desafio.Cache.csproj", "{542ED2E4-FE2F-41C2-84E2-C2688E7F13DA}"
EndProject
Project("{FAE04EC0-301F-11D3-BF4B-00C04F79EFBC}") = "Desafio.Api.Model", "src\Desafio.Api.Model\Desafio.Api.Model.csproj", "{17305B99-AE78-4512-A88D-532A258730BB}"
EndProject
Global
	GlobalSection(SolutionConfigurationPlatforms) = preSolution
		Debug|Any CPU = Debug|Any CPU
		Release|Any CPU = Release|Any CPU
	EndGlobalSection
	GlobalSection(ProjectConfigurationPlatforms) = postSolution
		{BC03058C-CC10-4B11-AF8E-42BF4FA85FF3}.Debug|Any CPU.ActiveCfg = Debug|Any CPU
		{BC03058C-CC10-4B11-AF8E-42BF4FA85FF3}.Debug|Any CPU.Build.0 = Debug|Any CPU
		{BC03058C-CC10-4B11-AF8E-42BF4FA85FF3}.Release|Any CPU.ActiveCfg = Release|Any CPU
		{BC03058C-CC10-4B11-AF8E-42BF4FA85FF3}.Release|Any CPU.Build.0 = Release|Any CPU
		{DD9EF579-4F08-4B26-B141-BD81DD5611F1}.Debug|Any CPU.ActiveCfg = Debug|Any CPU
		{DD9EF579-4F08-4B26-B141-BD81DD5611F1}.Debug|Any CPU.Build.0 = Debug|Any CPU
		{DD9EF579-4F08-4B26-B141-BD81DD5611F1}.Release|Any CPU.ActiveCfg = Release|Any CPU
		{DD9EF579-4F08-4B26-B141-BD81DD5611F1}.Release|Any CPU.Build.0 = Release|Any CPU
		{8DAA6B6C-3B65-408C-985F-EBE7939DBAA4}.Debug|Any CPU.ActiveCfg = Debug|Any CPU
		{8DAA6B6C-3B65-408C-985F-EBE7939DBAA4}.Debug|Any CPU.Build.0 = Debug|Any CPU
		{8DAA6B6C-3B65-408C-985F-EBE7939DBAA4}.Release|Any CPU.ActiveCfg = Release|Any CPU
		{8DAA6B6C-3B65-408C-985F-EBE7939DBAA4}.Release|Any CPU.Build.0 = Release|Any CPU
		{CE56662D-0D5B-44AD-9313-3604B0385C16}.Debug|Any CPU.ActiveCfg = Debug|Any CPU
		{CE56662D-0D5B-44AD-9313-3604B0385C16}.Debug|Any CPU.Build.0 = Debug|Any CPU
		{CE56662D-0D5B-44AD-9313-3604B0385C16}.Release|Any CPU.ActiveCfg = Release|Any CPU
		{CE56662D-0D5B-44AD-9313-3604B0385C16}.Release|Any CPU.Build.0 = Release|Any CPU
		{113DB206-6D22-45AF-A9E4-69C8C75A0B20}.Debug|Any CPU.ActiveCfg = Debug|Any CPU
		{113DB206-6D22-45AF-A9E4-69C8C75A0B20}.Debug|Any CPU.Build.0 = Debug|Any CPU
		{113DB206-6D22-45AF-A9E4-69C8C75A0B20}.Release|Any CPU.ActiveCfg = Release|Any CPU
		{113DB206-6D22-45AF-A9E4-69C8C75A0B20}.Release|Any CPU.Build.0 = Release|Any CPU
		{AA133E9E-DFEA-4093-A75D-937580A70765}.Debug|Any CPU.ActiveCfg = Debug|Any CPU
		{AA133E9E-DFEA-4093-A75D-937580A70765}.Debug|Any CPU.Build.0 = Debug|Any CPU
		{AA133E9E-DFEA-4093-A75D-937580A70765}.Release|Any CPU.ActiveCfg = Release|Any CPU
		{AA133E9E-DFEA-4093-A75D-937580A70765}.Release|Any CPU.Build.0 = Release|Any CPU
		{5EB2B30C-FA49-4551-B3E8-FD87355AD517}.Debug|Any CPU.ActiveCfg = Debug|Any CPU
		{5EB2B30C-FA49-4551-B3E8-FD87355AD517}.Debug|Any CPU.Build.0 = Debug|Any CPU
		{5EB2B30C-FA49-4551-B3E8-FD87355AD517}.Release|Any CPU.ActiveCfg = Release|Any CPU
		{5EB2B30C-FA49-4551-B3E8-FD87355AD517}.Release|Any CPU.Build.0 = Release|Any CPU
		{542ED2E4-FE2F-41C2-84E2-C2688E7F13DA}.Debug|Any CPU.ActiveCfg = Debug|Any CPU
		{542ED2E4-FE2F-41C2-84E2-C2688E7F13DA}.Debug|Any CPU.Build.0 = Debug|Any CPU
		{542ED2E4-FE2F-41C2-84E2-C2688E7F13DA}.Release|Any CPU.ActiveCfg = Release|Any CPU
		{542ED2E4-FE2F-41C2-84E2-C2688E7F13DA}.Release|Any CPU.Build.0 = Release|Any CPU
		{17305B99-AE78-4512-A88D-532A258730BB}.Debug|Any CPU.ActiveCfg = Debug|Any CPU
		{17305B99-AE78-4512-A88D-532A258730BB}.Debug|Any CPU.Build.0 = Debug|Any CPU
		{17305B99-AE78-4512-A88D-532A258730BB}.Release|Any CPU.ActiveCfg = Release|Any CPU
		{17305B99-AE78-4512-A88D-532A258730BB}.Release|Any CPU.Build.0 = Release|Any CPU
	EndGlobalSection
	GlobalSection(SolutionProperties) = preSolution
		HideSolutionNode = FALSE
	EndGlobalSection
	GlobalSection(NestedProjects) = preSolution
		{BC03058C-CC10-4B11-AF8E-42BF4FA85FF3} = {28438ED3-2E67-4E30-AA07-C55E6715373F}
		{DD9EF579-4F08-4B26-B141-BD81DD5611F1} = {2FE2BD7A-E945-4C43-A60D-16AFFE88C649}
		{2511BC24-E084-468A-B4CB-638B9A64CBD2} = {E0FA26BF-EF1F-4D63-9DBA-60B22A8F1887}
		{8DAA6B6C-3B65-408C-985F-EBE7939DBAA4} = {2511BC24-E084-468A-B4CB-638B9A64CBD2}
		{CE56662D-0D5B-44AD-9313-3604B0385C16} = {23EDF15B-C4ED-4AFE-9E1C-233440828754}
		{113DB206-6D22-45AF-A9E4-69C8C75A0B20} = {811FF591-CDF6-44DD-B205-7EC0754FCAB1}
		{AA133E9E-DFEA-4093-A75D-937580A70765} = {811FF591-CDF6-44DD-B205-7EC0754FCAB1}
		{E5C260CF-EFFC-4E3F-8E4B-B8B528E67A90} = {E0FA26BF-EF1F-4D63-9DBA-60B22A8F1887}
		{542ED2E4-FE2F-41C2-84E2-C2688E7F13DA} = {E5C260CF-EFFC-4E3F-8E4B-B8B528E67A90}
		{17305B99-AE78-4512-A88D-532A258730BB} = {811FF591-CDF6-44DD-B205-7EC0754FCAB1}
	EndGlobalSection
	GlobalSection(ExtensibilityGlobals) = postSolution
		SolutionGuid = {A62A40ED-6EF7-4272-B280-63A00ED05707}
	EndGlobalSection
EndGlobal
